[[package]]
name = "levm"
version = "0.1.0"
dependencies = [
 "ocaml 0.5.0 (registry+https://github.com/rust-lang/crates.io-index)",
]

[[package]]
name = "ocaml"
version = "0.5.0"
source = "registry+https://github.com/rust-lang/crates.io-index"

[metadata]
"checksum ocaml 0.5.0 (registry+https://github.com/rust-lang/crates.io-index)" = "c601c4f29f623de93267d275a9bf584d8d5e2eac75f95a2955d05f09c00797e2"
